// !$*UTF8*$!
{
	archiveVersion = 1;
	classes = {
	};
	objectVersion = 77;
	objects = {

/* Begin PBXBuildFile section */
		322CAA202D88909400989BF8 /* Preview Assets.xcassets in Resources */ = {isa = PBXBuildFile; fileRef = 322CAA192D88909400989BF8 /* Preview Assets.xcassets */; };
		322CAA212D88909400989BF8 /* Assets.xcassets in Resources */ = {isa = PBXBuildFile; fileRef = 322CAA1B2D88909400989BF8 /* Assets.xcassets */; };
		322CAA222D88909400989BF8 /* MainView.swift in Sources */ = {isa = PBXBuildFile; fileRef = 322CAA1C2D88909400989BF8 /* MainView.swift */; };
		322CAA232D88909400989BF8 /* JDeliveryApp.swift in Sources */ = {isa = PBXBuildFile; fileRef = 322CAA1E2D88909400989BF8 /* JDeliveryApp.swift */; };
		322CAA272D88914400989BF8 /* LoginView.swift in Sources */ = {isa = PBXBuildFile; fileRef = 322CAA262D88914400989BF8 /* LoginView.swift */; };
		322CAA3E2D88C4D300989BF8 /* Poppins-ExtraBoldItalic.ttf in Resources */ = {isa = PBXBuildFile; fileRef = 322CAA302D88C4D300989BF8 /* Poppins-ExtraBoldItalic.ttf */; };
		322CAA3F2D88C4D300989BF8 /* Poppins-SemiBoldItalic.ttf in Resources */ = {isa = PBXBuildFile; fileRef = 322CAA3A2D88C4D300989BF8 /* Poppins-SemiBoldItalic.ttf */; };
		322CAA402D88C4D300989BF8 /* Poppins-BlackItalic.ttf in Resources */ = {isa = PBXBuildFile; fileRef = 322CAA2C2D88C4D300989BF8 /* Poppins-BlackItalic.ttf */; };
		322CAA412D88C4D300989BF8 /* Poppins-ExtraLight.ttf in Resources */ = {isa = PBXBuildFile; fileRef = 322CAA312D88C4D300989BF8 /* Poppins-ExtraLight.ttf */; };
		322CAA422D88C4D300989BF8 /* Poppins-ExtraLightItalic.ttf in Resources */ = {isa = PBXBuildFile; fileRef = 322CAA322D88C4D300989BF8 /* Poppins-ExtraLightItalic.ttf */; };
		322CAA432D88C4D300989BF8 /* Poppins-ThinItalic.ttf in Resources */ = {isa = PBXBuildFile; fileRef = 322CAA3C2D88C4D300989BF8 /* Poppins-ThinItalic.ttf */; };
		322CAA442D88C4D300989BF8 /* Poppins-Italic.ttf in Resources */ = {isa = PBXBuildFile; fileRef = 322CAA332D88C4D300989BF8 /* Poppins-Italic.ttf */; };
		322CAA452D88C4D300989BF8 /* Poppins-LightItalic.ttf in Resources */ = {isa = PBXBuildFile; fileRef = 322CAA352D88C4D300989BF8 /* Poppins-LightItalic.ttf */; };
		322CAA462D88C4D300989BF8 /* Poppins-Thin.ttf in Resources */ = {isa = PBXBuildFile; fileRef = 322CAA3B2D88C4D300989BF8 /* Poppins-Thin.ttf */; };
		322CAA472D88C4D300989BF8 /* Poppins-Bold.ttf in Resources */ = {isa = PBXBuildFile; fileRef = 322CAA2D2D88C4D300989BF8 /* Poppins-Bold.ttf */; };
		322CAA492D88C4D300989BF8 /* Poppins-SemiBold.ttf in Resources */ = {isa = PBXBuildFile; fileRef = 322CAA392D88C4D300989BF8 /* Poppins-SemiBold.ttf */; };
		322CAA4A2D88C4D300989BF8 /* Poppins-ExtraBold.ttf in Resources */ = {isa = PBXBuildFile; fileRef = 322CAA2F2D88C4D300989BF8 /* Poppins-ExtraBold.ttf */; };
		322CAA4B2D88C4D300989BF8 /* Poppins-Light.ttf in Resources */ = {isa = PBXBuildFile; fileRef = 322CAA342D88C4D300989BF8 /* Poppins-Light.ttf */; };
		322CAA4C2D88C4D300989BF8 /* Poppins-MediumItalic.ttf in Resources */ = {isa = PBXBuildFile; fileRef = 322CAA372D88C4D300989BF8 /* Poppins-MediumItalic.ttf */; };
		322CAA4D2D88C4D300989BF8 /* Poppins-Medium.ttf in Resources */ = {isa = PBXBuildFile; fileRef = 322CAA362D88C4D300989BF8 /* Poppins-Medium.ttf */; };
		322CAA4E2D88C4D300989BF8 /* Poppins-Black.ttf in Resources */ = {isa = PBXBuildFile; fileRef = 322CAA2B2D88C4D300989BF8 /* Poppins-Black.ttf */; };
		322CAA4F2D88C4D300989BF8 /* Poppins-BoldItalic.ttf in Resources */ = {isa = PBXBuildFile; fileRef = 322CAA2E2D88C4D300989BF8 /* Poppins-BoldItalic.ttf */; };
		322CAA502D88C4D300989BF8 /* Poppins-Regular.ttf in Resources */ = {isa = PBXBuildFile; fileRef = 322CAA382D88C4D300989BF8 /* Poppins-Regular.ttf */; };
		322CAA532D88DB3600989BF8 /* RegisterView.swift in Sources */ = {isa = PBXBuildFile; fileRef = 322CAA522D88DB3600989BF8 /* RegisterView.swift */; };
		322CAA562D88E49700989BF8 /* UIMyTextfField.swift in Sources */ = {isa = PBXBuildFile; fileRef = 322CAA552D88E49700989BF8 /* UIMyTextfField.swift */; };
		322CAA582D88E77900989BF8 /* UIMyButton.swift in Sources */ = {isa = PBXBuildFile; fileRef = 322CAA572D88E77800989BF8 /* UIMyButton.swift */; };
		322CAA5A2D88EA6D00989BF8 /* UIMySecureField.swift in Sources */ = {isa = PBXBuildFile; fileRef = 322CAA592D88EA6D00989BF8 /* UIMySecureField.swift */; };
		322CAA5C2D88F8E100989BF8 /* WelcomeView.swift in Sources */ = {isa = PBXBuildFile; fileRef = 322CAA5B2D88F8E100989BF8 /* WelcomeView.swift */; };
		322CAA672D88FD8100989BF8 /* PlaywriteHU-Regular.ttf in Resources */ = {isa = PBXBuildFile; fileRef = 322CAA602D88FD8100989BF8 /* PlaywriteHU-Regular.ttf */; };
		322CAA682D88FD8100989BF8 /* PlaywriteHU-VariableFont_wght.ttf in Resources */ = {isa = PBXBuildFile; fileRef = 322CAA642D88FD8100989BF8 /* PlaywriteHU-VariableFont_wght.ttf */; };
		322CAA6B2D88FD8100989BF8 /* PlaywriteHU-Thin.ttf in Resources */ = {isa = PBXBuildFile; fileRef = 322CAA612D88FD8100989BF8 /* PlaywriteHU-Thin.ttf */; };
		322CAA6C2D88FD8100989BF8 /* PlaywriteHU-Light.ttf in Resources */ = {isa = PBXBuildFile; fileRef = 322CAA5F2D88FD8100989BF8 /* PlaywriteHU-Light.ttf */; };
		322CAA6D2D88FD8100989BF8 /* PlaywriteHU-ExtraLight.ttf in Resources */ = {isa = PBXBuildFile; fileRef = 322CAA5E2D88FD8100989BF8 /* PlaywriteHU-ExtraLight.ttf */; };
		322CAA732D891B6400989BF8 /* FirebaseAnalytics in Frameworks */ = {isa = PBXBuildFile; productRef = 322CAA722D891B6400989BF8 /* FirebaseAnalytics */; };
		322CAA752D891B6400989BF8 /* FirebaseAuth in Frameworks */ = {isa = PBXBuildFile; productRef = 322CAA742D891B6400989BF8 /* FirebaseAuth */; };
		322CAA772D891B6400989BF8 /* FirebaseFirestore in Frameworks */ = {isa = PBXBuildFile; productRef = 322CAA762D891B6400989BF8 /* FirebaseFirestore */; };
		322CAA792D891B8600989BF8 /* AuthService.swift in Sources */ = {isa = PBXBuildFile; fileRef = 322CAA782D891B8600989BF8 /* AuthService.swift */; };
		322CAA7B2D891C5100989BF8 /* GoogleService-Info.plist in Resources */ = {isa = PBXBuildFile; fileRef = 322CAA7A2D891C5100989BF8 /* GoogleService-Info.plist */; };
		322CAA7D2D891C7000989BF8 /* AuthDelegate.swift in Sources */ = {isa = PBXBuildFile; fileRef = 322CAA7C2D891C7000989BF8 /* AuthDelegate.swift */; };
		322CAA802D8921FB00989BF8 /* Client.swift in Sources */ = {isa = PBXBuildFile; fileRef = 322CAA7F2D8921FB00989BF8 /* Client.swift */; };
		322CAA822D89233100989BF8 /* Delivery.swift in Sources */ = {isa = PBXBuildFile; fileRef = 322CAA812D89233100989BF8 /* Delivery.swift */; };
		322CAA852D89250E00989BF8 /* Enums.swift in Sources */ = {isa = PBXBuildFile; fileRef = 322CAA842D89250E00989BF8 /* Enums.swift */; };
		322CAA872D89300600989BF8 /* AuthViewModel.swift in Sources */ = {isa = PBXBuildFile; fileRef = 322CAA862D89300600989BF8 /* AuthViewModel.swift */; };
		32EF8B022D8A4E0F00C541F3 /* Structs.swift in Sources */ = {isa = PBXBuildFile; fileRef = 32EF8B012D8A4E0F00C541F3 /* Structs.swift */; };
/* End PBXBuildFile section */

/* Begin PBXContainerItemProxy section */
		32B893DC2D85E75200113AF5 /* PBXContainerItemProxy */ = {
			isa = PBXContainerItemProxy;
			containerPortal = 32B893C22D85E75100113AF5 /* Project object */;
			proxyType = 1;
			remoteGlobalIDString = 32B893C92D85E75100113AF5;
			remoteInfo = JDelivery;
		};
		32B893E62D85E75200113AF5 /* PBXContainerItemProxy */ = {
			isa = PBXContainerItemProxy;
			containerPortal = 32B893C22D85E75100113AF5 /* Project object */;
			proxyType = 1;
			remoteGlobalIDString = 32B893C92D85E75100113AF5;
			remoteInfo = JDelivery;
		};
/* End PBXContainerItemProxy section */

/* Begin PBXFileReference section */
		322CAA192D88909400989BF8 /* Preview Assets.xcassets */ = {isa = PBXFileReference; lastKnownFileType = folder.assetcatalog; path = "Preview Assets.xcassets"; sourceTree = "<group>"; };
		322CAA1B2D88909400989BF8 /* Assets.xcassets */ = {isa = PBXFileReference; lastKnownFileType = folder.assetcatalog; path = Assets.xcassets; sourceTree = "<group>"; };
		322CAA1C2D88909400989BF8 /* MainView.swift */ = {isa = PBXFileReference; lastKnownFileType = sourcecode.swift; path = MainView.swift; sourceTree = "<group>"; };
		322CAA1D2D88909400989BF8 /* JDelivery.entitlements */ = {isa = PBXFileReference; lastKnownFileType = text.plist.entitlements; path = JDelivery.entitlements; sourceTree = "<group>"; };
		322CAA1E2D88909400989BF8 /* JDeliveryApp.swift */ = {isa = PBXFileReference; lastKnownFileType = sourcecode.swift; path = JDeliveryApp.swift; sourceTree = "<group>"; };
		322CAA262D88914400989BF8 /* LoginView.swift */ = {isa = PBXFileReference; lastKnownFileType = sourcecode.swift; path = LoginView.swift; sourceTree = "<group>"; };
		322CAA2B2D88C4D300989BF8 /* Poppins-Black.ttf */ = {isa = PBXFileReference; lastKnownFileType = file; path = "Poppins-Black.ttf"; sourceTree = "<group>"; };
		322CAA2C2D88C4D300989BF8 /* Poppins-BlackItalic.ttf */ = {isa = PBXFileReference; lastKnownFileType = file; path = "Poppins-BlackItalic.ttf"; sourceTree = "<group>"; };
		322CAA2D2D88C4D300989BF8 /* Poppins-Bold.ttf */ = {isa = PBXFileReference; lastKnownFileType = file; path = "Poppins-Bold.ttf"; sourceTree = "<group>"; };
		322CAA2E2D88C4D300989BF8 /* Poppins-BoldItalic.ttf */ = {isa = PBXFileReference; lastKnownFileType = file; path = "Poppins-BoldItalic.ttf"; sourceTree = "<group>"; };
		322CAA2F2D88C4D300989BF8 /* Poppins-ExtraBold.ttf */ = {isa = PBXFileReference; lastKnownFileType = file; path = "Poppins-ExtraBold.ttf"; sourceTree = "<group>"; };
		322CAA302D88C4D300989BF8 /* Poppins-ExtraBoldItalic.ttf */ = {isa = PBXFileReference; lastKnownFileType = file; path = "Poppins-ExtraBoldItalic.ttf"; sourceTree = "<group>"; };
		322CAA312D88C4D300989BF8 /* Poppins-ExtraLight.ttf */ = {isa = PBXFileReference; lastKnownFileType = file; path = "Poppins-ExtraLight.ttf"; sourceTree = "<group>"; };
		322CAA322D88C4D300989BF8 /* Poppins-ExtraLightItalic.ttf */ = {isa = PBXFileReference; lastKnownFileType = file; path = "Poppins-ExtraLightItalic.ttf"; sourceTree = "<group>"; };
		322CAA332D88C4D300989BF8 /* Poppins-Italic.ttf */ = {isa = PBXFileReference; lastKnownFileType = file; path = "Poppins-Italic.ttf"; sourceTree = "<group>"; };
		322CAA342D88C4D300989BF8 /* Poppins-Light.ttf */ = {isa = PBXFileReference; lastKnownFileType = file; path = "Poppins-Light.ttf"; sourceTree = "<group>"; };
		322CAA352D88C4D300989BF8 /* Poppins-LightItalic.ttf */ = {isa = PBXFileReference; lastKnownFileType = file; path = "Poppins-LightItalic.ttf"; sourceTree = "<group>"; };
		322CAA362D88C4D300989BF8 /* Poppins-Medium.ttf */ = {isa = PBXFileReference; lastKnownFileType = file; path = "Poppins-Medium.ttf"; sourceTree = "<group>"; };
		322CAA372D88C4D300989BF8 /* Poppins-MediumItalic.ttf */ = {isa = PBXFileReference; lastKnownFileType = file; path = "Poppins-MediumItalic.ttf"; sourceTree = "<group>"; };
		322CAA382D88C4D300989BF8 /* Poppins-Regular.ttf */ = {isa = PBXFileReference; lastKnownFileType = file; path = "Poppins-Regular.ttf"; sourceTree = "<group>"; };
		322CAA392D88C4D300989BF8 /* Poppins-SemiBold.ttf */ = {isa = PBXFileReference; lastKnownFileType = file; path = "Poppins-SemiBold.ttf"; sourceTree = "<group>"; };
		322CAA3A2D88C4D300989BF8 /* Poppins-SemiBoldItalic.ttf */ = {isa = PBXFileReference; lastKnownFileType = file; path = "Poppins-SemiBoldItalic.ttf"; sourceTree = "<group>"; };
		322CAA3B2D88C4D300989BF8 /* Poppins-Thin.ttf */ = {isa = PBXFileReference; lastKnownFileType = file; path = "Poppins-Thin.ttf"; sourceTree = "<group>"; };
		322CAA3C2D88C4D300989BF8 /* Poppins-ThinItalic.ttf */ = {isa = PBXFileReference; lastKnownFileType = file; path = "Poppins-ThinItalic.ttf"; sourceTree = "<group>"; };
		322CAA522D88DB3600989BF8 /* RegisterView.swift */ = {isa = PBXFileReference; lastKnownFileType = sourcecode.swift; path = RegisterView.swift; sourceTree = "<group>"; };
		322CAA552D88E49700989BF8 /* UIMyTextfField.swift */ = {isa = PBXFileReference; lastKnownFileType = sourcecode.swift; path = UIMyTextfField.swift; sourceTree = "<group>"; };
		322CAA572D88E77800989BF8 /* UIMyButton.swift */ = {isa = PBXFileReference; lastKnownFileType = sourcecode.swift; path = UIMyButton.swift; sourceTree = "<group>"; };
		322CAA592D88EA6D00989BF8 /* UIMySecureField.swift */ = {isa = PBXFileReference; lastKnownFileType = sourcecode.swift; path = UIMySecureField.swift; sourceTree = "<group>"; };
		322CAA5B2D88F8E100989BF8 /* WelcomeView.swift */ = {isa = PBXFileReference; lastKnownFileType = sourcecode.swift; path = WelcomeView.swift; sourceTree = "<group>"; };
		322CAA5E2D88FD8100989BF8 /* PlaywriteHU-ExtraLight.ttf */ = {isa = PBXFileReference; lastKnownFileType = file; path = "PlaywriteHU-ExtraLight.ttf"; sourceTree = "<group>"; };
		322CAA5F2D88FD8100989BF8 /* PlaywriteHU-Light.ttf */ = {isa = PBXFileReference; lastKnownFileType = file; path = "PlaywriteHU-Light.ttf"; sourceTree = "<group>"; };
		322CAA602D88FD8100989BF8 /* PlaywriteHU-Regular.ttf */ = {isa = PBXFileReference; lastKnownFileType = file; path = "PlaywriteHU-Regular.ttf"; sourceTree = "<group>"; };
		322CAA612D88FD8100989BF8 /* PlaywriteHU-Thin.ttf */ = {isa = PBXFileReference; lastKnownFileType = file; path = "PlaywriteHU-Thin.ttf"; sourceTree = "<group>"; };
		322CAA642D88FD8100989BF8 /* PlaywriteHU-VariableFont_wght.ttf */ = {isa = PBXFileReference; lastKnownFileType = file; path = "PlaywriteHU-VariableFont_wght.ttf"; sourceTree = "<group>"; };
		322CAA782D891B8600989BF8 /* AuthService.swift */ = {isa = PBXFileReference; lastKnownFileType = sourcecode.swift; path = AuthService.swift; sourceTree = "<group>"; };
		322CAA7A2D891C5100989BF8 /* GoogleService-Info.plist */ = {isa = PBXFileReference; lastKnownFileType = text.plist.xml; path = "GoogleService-Info.plist"; sourceTree = "<group>"; };
		322CAA7C2D891C7000989BF8 /* AuthDelegate.swift */ = {isa = PBXFileReference; lastKnownFileType = sourcecode.swift; path = AuthDelegate.swift; sourceTree = "<group>"; };
		322CAA7F2D8921FB00989BF8 /* Client.swift */ = {isa = PBXFileReference; lastKnownFileType = sourcecode.swift; path = Client.swift; sourceTree = "<group>"; };
		322CAA812D89233100989BF8 /* Delivery.swift */ = {isa = PBXFileReference; lastKnownFileType = sourcecode.swift; path = Delivery.swift; sourceTree = "<group>"; };
		322CAA842D89250E00989BF8 /* Enums.swift */ = {isa = PBXFileReference; lastKnownFileType = sourcecode.swift; path = Enums.swift; sourceTree = "<group>"; };
		322CAA862D89300600989BF8 /* AuthViewModel.swift */ = {isa = PBXFileReference; lastKnownFileType = sourcecode.swift; path = AuthViewModel.swift; sourceTree = "<group>"; };
		32B893CA2D85E75100113AF5 /* JDelivery.app */ = {isa = PBXFileReference; explicitFileType = wrapper.application; includeInIndex = 0; path = JDelivery.app; sourceTree = BUILT_PRODUCTS_DIR; };
		32B893DB2D85E75200113AF5 /* JDeliveryTests.xctest */ = {isa = PBXFileReference; explicitFileType = wrapper.cfbundle; includeInIndex = 0; path = JDeliveryTests.xctest; sourceTree = BUILT_PRODUCTS_DIR; };
		32B893E52D85E75200113AF5 /* JDeliveryUITests.xctest */ = {isa = PBXFileReference; explicitFileType = wrapper.cfbundle; includeInIndex = 0; path = JDeliveryUITests.xctest; sourceTree = BUILT_PRODUCTS_DIR; };
		32EF8B012D8A4E0F00C541F3 /* Structs.swift */ = {isa = PBXFileReference; lastKnownFileType = sourcecode.swift; path = Structs.swift; sourceTree = "<group>"; };
/* End PBXFileReference section */

/* Begin PBXFileSystemSynchronizedRootGroup section */
		32B893DE2D85E75200113AF5 /* JDeliveryTests */ = {
			isa = PBXFileSystemSynchronizedRootGroup;
			path = JDeliveryTests;
			sourceTree = "<group>";
		};
		32B893E82D85E75200113AF5 /* JDeliveryUITests */ = {
			isa = PBXFileSystemSynchronizedRootGroup;
			path = JDeliveryUITests;
			sourceTree = "<group>";
		};
/* End PBXFileSystemSynchronizedRootGroup section */

/* Begin PBXFrameworksBuildPhase section */
		32B893C72D85E75100113AF5 /* Frameworks */ = {
			isa = PBXFrameworksBuildPhase;
			buildActionMask = 2147483647;
			files = (
				322CAA732D891B6400989BF8 /* FirebaseAnalytics in Frameworks */,
				322CAA752D891B6400989BF8 /* FirebaseAuth in Frameworks */,
				322CAA772D891B6400989BF8 /* FirebaseFirestore in Frameworks */,
			);
			runOnlyForDeploymentPostprocessing = 0;
		};
		32B893D82D85E75200113AF5 /* Frameworks */ = {
			isa = PBXFrameworksBuildPhase;
			buildActionMask = 2147483647;
			files = (
			);
			runOnlyForDeploymentPostprocessing = 0;
		};
		32B893E22D85E75200113AF5 /* Frameworks */ = {
			isa = PBXFrameworksBuildPhase;
			buildActionMask = 2147483647;
			files = (
			);
			runOnlyForDeploymentPostprocessing = 0;
		};
/* End PBXFrameworksBuildPhase section */

/* Begin PBXGroup section */
		322CAA1A2D88909400989BF8 /* Preview Content */ = {
			isa = PBXGroup;
			children = (
				322CAA192D88909400989BF8 /* Preview Assets.xcassets */,
			);
			path = "Preview Content";
			sourceTree = "<group>";
		};
		322CAA1F2D88909400989BF8 /* JDelivery */ = {
			isa = PBXGroup;
			children = (
				322CAA1E2D88909400989BF8 /* JDeliveryApp.swift */,
				322CAA832D8924FD00989BF8 /* Utils */,
				322CAA7E2D8921E700989BF8 /* Models */,
				322CAA6E2D8919BE00989BF8 /* Services */,
				322CAA6F2D8919C700989BF8 /* ViewModels */,
				322CAA282D889E7400989BF8 /* Resource */,
				322CAA242D88912200989BF8 /* Views */,
				322CAA1A2D88909400989BF8 /* Preview Content */,
				322CAA1B2D88909400989BF8 /* Assets.xcassets */,
				322CAA1D2D88909400989BF8 /* JDelivery.entitlements */,
				322CAA7A2D891C5100989BF8 /* GoogleService-Info.plist */,
			);
			path = JDelivery;
			sourceTree = "<group>";
		};
		322CAA242D88912200989BF8 /* Views */ = {
			isa = PBXGroup;
			children = (
				322CAA542D88E47E00989BF8 /* Components */,
				322CAA252D88912A00989BF8 /* AuthViews */,
				322CAA1C2D88909400989BF8 /* MainView.swift */,
			);
			path = Views;
			sourceTree = "<group>";
		};
		322CAA252D88912A00989BF8 /* AuthViews */ = {
			isa = PBXGroup;
			children = (
				322CAA262D88914400989BF8 /* LoginView.swift */,
				322CAA522D88DB3600989BF8 /* RegisterView.swift */,
				322CAA5B2D88F8E100989BF8 /* WelcomeView.swift */,
			);
			path = AuthViews;
			sourceTree = "<group>";
		};
		322CAA282D889E7400989BF8 /* Resource */ = {
			isa = PBXGroup;
			children = (
				322CAA292D88C4C300989BF8 /* Fonts */,
			);
			path = Resource;
			sourceTree = "<group>";
		};
		322CAA292D88C4C300989BF8 /* Fonts */ = {
			isa = PBXGroup;
			children = (
				322CAA3D2D88C4D300989BF8 /* Poppins */,
				322CAA662D88FD8100989BF8 /* Playwrite_HU */,
			);
			path = Fonts;
			sourceTree = "<group>";
		};
		322CAA3D2D88C4D300989BF8 /* Poppins */ = {
			isa = PBXGroup;
			children = (
				322CAA2B2D88C4D300989BF8 /* Poppins-Black.ttf */,
				322CAA2C2D88C4D300989BF8 /* Poppins-BlackItalic.ttf */,
				322CAA2D2D88C4D300989BF8 /* Poppins-Bold.ttf */,
				322CAA2E2D88C4D300989BF8 /* Poppins-BoldItalic.ttf */,
				322CAA2F2D88C4D300989BF8 /* Poppins-ExtraBold.ttf */,
				322CAA302D88C4D300989BF8 /* Poppins-ExtraBoldItalic.ttf */,
				322CAA312D88C4D300989BF8 /* Poppins-ExtraLight.ttf */,
				322CAA322D88C4D300989BF8 /* Poppins-ExtraLightItalic.ttf */,
				322CAA332D88C4D300989BF8 /* Poppins-Italic.ttf */,
				322CAA342D88C4D300989BF8 /* Poppins-Light.ttf */,
				322CAA352D88C4D300989BF8 /* Poppins-LightItalic.ttf */,
				322CAA362D88C4D300989BF8 /* Poppins-Medium.ttf */,
				322CAA372D88C4D300989BF8 /* Poppins-MediumItalic.ttf */,
				322CAA382D88C4D300989BF8 /* Poppins-Regular.ttf */,
				322CAA392D88C4D300989BF8 /* Poppins-SemiBold.ttf */,
				322CAA3A2D88C4D300989BF8 /* Poppins-SemiBoldItalic.ttf */,
				322CAA3B2D88C4D300989BF8 /* Poppins-Thin.ttf */,
				322CAA3C2D88C4D300989BF8 /* Poppins-ThinItalic.ttf */,
			);
			path = Poppins;
			sourceTree = "<group>";
		};
		322CAA542D88E47E00989BF8 /* Components */ = {
			isa = PBXGroup;
			children = (
				322CAA552D88E49700989BF8 /* UIMyTextfField.swift */,
				322CAA572D88E77800989BF8 /* UIMyButton.swift */,
				322CAA592D88EA6D00989BF8 /* UIMySecureField.swift */,
			);
			path = Components;
			sourceTree = "<group>";
		};
		322CAA622D88FD8100989BF8 /* static */ = {
			isa = PBXGroup;
			children = (
				322CAA5E2D88FD8100989BF8 /* PlaywriteHU-ExtraLight.ttf */,
				322CAA5F2D88FD8100989BF8 /* PlaywriteHU-Light.ttf */,
				322CAA602D88FD8100989BF8 /* PlaywriteHU-Regular.ttf */,
				322CAA612D88FD8100989BF8 /* PlaywriteHU-Thin.ttf */,
			);
			path = static;
			sourceTree = "<group>";
		};
		322CAA662D88FD8100989BF8 /* Playwrite_HU */ = {
			isa = PBXGroup;
			children = (
				322CAA622D88FD8100989BF8 /* static */,
				322CAA642D88FD8100989BF8 /* PlaywriteHU-VariableFont_wght.ttf */,
			);
			path = Playwrite_HU;
			sourceTree = "<group>";
		};
		322CAA6E2D8919BE00989BF8 /* Services */ = {
			isa = PBXGroup;
			children = (
				322CAA702D891A3E00989BF8 /* AuthServices */,
			);
			path = Services;
			sourceTree = "<group>";
		};
		322CAA6F2D8919C700989BF8 /* ViewModels */ = {
			isa = PBXGroup;
			children = (
				322CAA862D89300600989BF8 /* AuthViewModel.swift */,
			);
			path = ViewModels;
			sourceTree = "<group>";
		};
		322CAA702D891A3E00989BF8 /* AuthServices */ = {
			isa = PBXGroup;
			children = (
				322CAA782D891B8600989BF8 /* AuthService.swift */,
				322CAA7C2D891C7000989BF8 /* AuthDelegate.swift */,
			);
			path = AuthServices;
			sourceTree = "<group>";
		};
		322CAA7E2D8921E700989BF8 /* Models */ = {
			isa = PBXGroup;
			children = (
				322CAA7F2D8921FB00989BF8 /* Client.swift */,
				322CAA812D89233100989BF8 /* Delivery.swift */,
			);
			path = Models;
			sourceTree = "<group>";
		};
		322CAA832D8924FD00989BF8 /* Utils */ = {
			isa = PBXGroup;
			children = (
				322CAA842D89250E00989BF8 /* Enums.swift */,
				32EF8B012D8A4E0F00C541F3 /* Structs.swift */,
			);
			path = Utils;
			sourceTree = "<group>";
		};
		32B893C12D85E75100113AF5 = {
			isa = PBXGroup;
			children = (
				322CAA1F2D88909400989BF8 /* JDelivery */,
				32B893DE2D85E75200113AF5 /* JDeliveryTests */,
				32B893E82D85E75200113AF5 /* JDeliveryUITests */,
				32B893CB2D85E75100113AF5 /* Products */,
			);
			sourceTree = "<group>";
		};
		32B893CB2D85E75100113AF5 /* Products */ = {
			isa = PBXGroup;
			children = (
				32B893CA2D85E75100113AF5 /* JDelivery.app */,
				32B893DB2D85E75200113AF5 /* JDeliveryTests.xctest */,
				32B893E52D85E75200113AF5 /* JDeliveryUITests.xctest */,
			);
			name = Products;
			sourceTree = "<group>";
		};
/* End PBXGroup section */

/* Begin PBXNativeTarget section */
		32B893C92D85E75100113AF5 /* JDelivery */ = {
			isa = PBXNativeTarget;
			buildConfigurationList = 32B893EF2D85E75200113AF5 /* Build configuration list for PBXNativeTarget "JDelivery" */;
			buildPhases = (
				32B893C62D85E75100113AF5 /* Sources */,
				32B893C72D85E75100113AF5 /* Frameworks */,
				32B893C82D85E75100113AF5 /* Resources */,
			);
			buildRules = (
			);
			dependencies = (
			);
			name = JDelivery;
			packageProductDependencies = (
				322CAA722D891B6400989BF8 /* FirebaseAnalytics */,
				322CAA742D891B6400989BF8 /* FirebaseAuth */,
				322CAA762D891B6400989BF8 /* FirebaseFirestore */,
			);
			productName = JDelivery;
			productReference = 32B893CA2D85E75100113AF5 /* JDelivery.app */;
			productType = "com.apple.product-type.application";
		};
		32B893DA2D85E75200113AF5 /* JDeliveryTests */ = {
			isa = PBXNativeTarget;
			buildConfigurationList = 32B893F22D85E75200113AF5 /* Build configuration list for PBXNativeTarget "JDeliveryTests" */;
			buildPhases = (
				32B893D72D85E75200113AF5 /* Sources */,
				32B893D82D85E75200113AF5 /* Frameworks */,
				32B893D92D85E75200113AF5 /* Resources */,
			);
			buildRules = (
			);
			dependencies = (
				32B893DD2D85E75200113AF5 /* PBXTargetDependency */,
			);
			fileSystemSynchronizedGroups = (
				32B893DE2D85E75200113AF5 /* JDeliveryTests */,
			);
			name = JDeliveryTests;
			packageProductDependencies = (
			);
			productName = JDeliveryTests;
			productReference = 32B893DB2D85E75200113AF5 /* JDeliveryTests.xctest */;
			productType = "com.apple.product-type.bundle.unit-test";
		};
		32B893E42D85E75200113AF5 /* JDeliveryUITests */ = {
			isa = PBXNativeTarget;
			buildConfigurationList = 32B893F52D85E75200113AF5 /* Build configuration list for PBXNativeTarget "JDeliveryUITests" */;
			buildPhases = (
				32B893E12D85E75200113AF5 /* Sources */,
				32B893E22D85E75200113AF5 /* Frameworks */,
				32B893E32D85E75200113AF5 /* Resources */,
			);
			buildRules = (
			);
			dependencies = (
				32B893E72D85E75200113AF5 /* PBXTargetDependency */,
			);
			fileSystemSynchronizedGroups = (
				32B893E82D85E75200113AF5 /* JDeliveryUITests */,
			);
			name = JDeliveryUITests;
			packageProductDependencies = (
			);
			productName = JDeliveryUITests;
			productReference = 32B893E52D85E75200113AF5 /* JDeliveryUITests.xctest */;
			productType = "com.apple.product-type.bundle.ui-testing";
		};
/* End PBXNativeTarget section */

/* Begin PBXProject section */
		32B893C22D85E75100113AF5 /* Project object */ = {
			isa = PBXProject;
			attributes = {
				BuildIndependentTargetsInParallel = 1;
				LastSwiftUpdateCheck = 1620;
				LastUpgradeCheck = 1620;
				TargetAttributes = {
					32B893C92D85E75100113AF5 = {
						CreatedOnToolsVersion = 16.2;
					};
					32B893DA2D85E75200113AF5 = {
						CreatedOnToolsVersion = 16.2;
						TestTargetID = 32B893C92D85E75100113AF5;
					};
					32B893E42D85E75200113AF5 = {
						CreatedOnToolsVersion = 16.2;
						TestTargetID = 32B893C92D85E75100113AF5;
					};
				};
			};
			buildConfigurationList = 32B893C52D85E75100113AF5 /* Build configuration list for PBXProject "JDelivery" */;
			developmentRegion = en;
			hasScannedForEncodings = 0;
			knownRegions = (
				en,
				Base,
			);
			mainGroup = 32B893C12D85E75100113AF5;
			minimizedProjectReferenceProxies = 1;
			packageReferences = (
				322CAA712D891B6400989BF8 /* XCRemoteSwiftPackageReference "firebase-ios-sdk" */,
			);
			preferredProjectObjectVersion = 77;
			productRefGroup = 32B893CB2D85E75100113AF5 /* Products */;
			projectDirPath = "";
			projectRoot = "";
			targets = (
				32B893C92D85E75100113AF5 /* JDelivery */,
				32B893DA2D85E75200113AF5 /* JDeliveryTests */,
				32B893E42D85E75200113AF5 /* JDeliveryUITests */,
			);
		};
/* End PBXProject section */

/* Begin PBXResourcesBuildPhase section */
		32B893C82D85E75100113AF5 /* Resources */ = {
			isa = PBXResourcesBuildPhase;
			buildActionMask = 2147483647;
			files = (
				322CAA202D88909400989BF8 /* Preview Assets.xcassets in Resources */,
				322CAA212D88909400989BF8 /* Assets.xcassets in Resources */,
				322CAA3E2D88C4D300989BF8 /* Poppins-ExtraBoldItalic.ttf in Resources */,
				322CAA3F2D88C4D300989BF8 /* Poppins-SemiBoldItalic.ttf in Resources */,
				322CAA402D88C4D300989BF8 /* Poppins-BlackItalic.ttf in Resources */,
				322CAA412D88C4D300989BF8 /* Poppins-ExtraLight.ttf in Resources */,
				322CAA422D88C4D300989BF8 /* Poppins-ExtraLightItalic.ttf in Resources */,
				322CAA432D88C4D300989BF8 /* Poppins-ThinItalic.ttf in Resources */,
				322CAA442D88C4D300989BF8 /* Poppins-Italic.ttf in Resources */,
				322CAA452D88C4D300989BF8 /* Poppins-LightItalic.ttf in Resources */,
				322CAA462D88C4D300989BF8 /* Poppins-Thin.ttf in Resources */,
				322CAA472D88C4D300989BF8 /* Poppins-Bold.ttf in Resources */,
				322CAA672D88FD8100989BF8 /* PlaywriteHU-Regular.ttf in Resources */,
				322CAA7B2D891C5100989BF8 /* GoogleService-Info.plist in Resources */,
				322CAA682D88FD8100989BF8 /* PlaywriteHU-VariableFont_wght.ttf in Resources */,
				322CAA6B2D88FD8100989BF8 /* PlaywriteHU-Thin.ttf in Resources */,
				322CAA6C2D88FD8100989BF8 /* PlaywriteHU-Light.ttf in Resources */,
				322CAA6D2D88FD8100989BF8 /* PlaywriteHU-ExtraLight.ttf in Resources */,
				322CAA492D88C4D300989BF8 /* Poppins-SemiBold.ttf in Resources */,
				322CAA4A2D88C4D300989BF8 /* Poppins-ExtraBold.ttf in Resources */,
				322CAA4B2D88C4D300989BF8 /* Poppins-Light.ttf in Resources */,
				322CAA4C2D88C4D300989BF8 /* Poppins-MediumItalic.ttf in Resources */,
				322CAA4D2D88C4D300989BF8 /* Poppins-Medium.ttf in Resources */,
				322CAA4E2D88C4D300989BF8 /* Poppins-Black.ttf in Resources */,
				322CAA4F2D88C4D300989BF8 /* Poppins-BoldItalic.ttf in Resources */,
				322CAA502D88C4D300989BF8 /* Poppins-Regular.ttf in Resources */,
			);
			runOnlyForDeploymentPostprocessing = 0;
		};
		32B893D92D85E75200113AF5 /* Resources */ = {
			isa = PBXResourcesBuildPhase;
			buildActionMask = 2147483647;
			files = (
			);
			runOnlyForDeploymentPostprocessing = 0;
		};
		32B893E32D85E75200113AF5 /* Resources */ = {
			isa = PBXResourcesBuildPhase;
			buildActionMask = 2147483647;
			files = (
			);
			runOnlyForDeploymentPostprocessing = 0;
		};
/* End PBXResourcesBuildPhase section */

/* Begin PBXSourcesBuildPhase section */
		32B893C62D85E75100113AF5 /* Sources */ = {
			isa = PBXSourcesBuildPhase;
			buildActionMask = 2147483647;
			files = (
				322CAA822D89233100989BF8 /* Delivery.swift in Sources */,
				322CAA272D88914400989BF8 /* LoginView.swift in Sources */,
				322CAA5A2D88EA6D00989BF8 /* UIMySecureField.swift in Sources */,
				322CAA7D2D891C7000989BF8 /* AuthDelegate.swift in Sources */,
				322CAA532D88DB3600989BF8 /* RegisterView.swift in Sources */,
				322CAA802D8921FB00989BF8 /* Client.swift in Sources */,
				322CAA792D891B8600989BF8 /* AuthService.swift in Sources */,
				322CAA852D89250E00989BF8 /* Enums.swift in Sources */,
				322CAA5C2D88F8E100989BF8 /* WelcomeView.swift in Sources */,
				322CAA222D88909400989BF8 /* MainView.swift in Sources */,
				322CAA872D89300600989BF8 /* AuthViewModel.swift in Sources */,
				322CAA562D88E49700989BF8 /* UIMyTextfField.swift in Sources */,
				32EF8B022D8A4E0F00C541F3 /* Structs.swift in Sources */,
				322CAA232D88909400989BF8 /* JDeliveryApp.swift in Sources */,
				322CAA582D88E77900989BF8 /* UIMyButton.swift in Sources */,
			);
			runOnlyForDeploymentPostprocessing = 0;
		};
		32B893D72D85E75200113AF5 /* Sources */ = {
			isa = PBXSourcesBuildPhase;
			buildActionMask = 2147483647;
			files = (
			);
			runOnlyForDeploymentPostprocessing = 0;
		};
		32B893E12D85E75200113AF5 /* Sources */ = {
			isa = PBXSourcesBuildPhase;
			buildActionMask = 2147483647;
			files = (
			);
			runOnlyForDeploymentPostprocessing = 0;
		};
/* End PBXSourcesBuildPhase section */

/* Begin PBXTargetDependency section */
		32B893DD2D85E75200113AF5 /* PBXTargetDependency */ = {
			isa = PBXTargetDependency;
			target = 32B893C92D85E75100113AF5 /* JDelivery */;
			targetProxy = 32B893DC2D85E75200113AF5 /* PBXContainerItemProxy */;
		};
		32B893E72D85E75200113AF5 /* PBXTargetDependency */ = {
			isa = PBXTargetDependency;
			target = 32B893C92D85E75100113AF5 /* JDelivery */;
			targetProxy = 32B893E62D85E75200113AF5 /* PBXContainerItemProxy */;
		};
/* End PBXTargetDependency section */

/* Begin XCBuildConfiguration section */
		32B893ED2D85E75200113AF5 /* Debug */ = {
			isa = XCBuildConfiguration;
			buildSettings = {
				ALWAYS_SEARCH_USER_PATHS = NO;
				ASSETCATALOG_COMPILER_GENERATE_SWIFT_ASSET_SYMBOL_EXTENSIONS = YES;
				CLANG_ANALYZER_NONNULL = YES;
				CLANG_ANALYZER_NUMBER_OBJECT_CONVERSION = YES_AGGRESSIVE;
				CLANG_CXX_LANGUAGE_STANDARD = "gnu++20";
				CLANG_ENABLE_MODULES = YES;
				CLANG_ENABLE_OBJC_ARC = YES;
				CLANG_ENABLE_OBJC_WEAK = YES;
				CLANG_WARN_BLOCK_CAPTURE_AUTORELEASING = YES;
				CLANG_WARN_BOOL_CONVERSION = YES;
				CLANG_WARN_COMMA = YES;
				CLANG_WARN_CONSTANT_CONVERSION = YES;
				CLANG_WARN_DEPRECATED_OBJC_IMPLEMENTATIONS = YES;
				CLANG_WARN_DIRECT_OBJC_ISA_USAGE = YES_ERROR;
				CLANG_WARN_DOCUMENTATION_COMMENTS = YES;
				CLANG_WARN_EMPTY_BODY = YES;
				CLANG_WARN_ENUM_CONVERSION = YES;
				CLANG_WARN_INFINITE_RECURSION = YES;
				CLANG_WARN_INT_CONVERSION = YES;
				CLANG_WARN_NON_LITERAL_NULL_CONVERSION = YES;
				CLANG_WARN_OBJC_IMPLICIT_RETAIN_SELF = YES;
				CLANG_WARN_OBJC_LITERAL_CONVERSION = YES;
				CLANG_WARN_OBJC_ROOT_CLASS = YES_ERROR;
				CLANG_WARN_QUOTED_INCLUDE_IN_FRAMEWORK_HEADER = YES;
				CLANG_WARN_RANGE_LOOP_ANALYSIS = YES;
				CLANG_WARN_STRICT_PROTOTYPES = YES;
				CLANG_WARN_SUSPICIOUS_MOVE = YES;
				CLANG_WARN_UNGUARDED_AVAILABILITY = YES_AGGRESSIVE;
				CLANG_WARN_UNREACHABLE_CODE = YES;
				CLANG_WARN__DUPLICATE_METHOD_MATCH = YES;
				COPY_PHASE_STRIP = NO;
				DEBUG_INFORMATION_FORMAT = dwarf;
				ENABLE_STRICT_OBJC_MSGSEND = YES;
				ENABLE_TESTABILITY = YES;
				ENABLE_USER_SCRIPT_SANDBOXING = YES;
				GCC_C_LANGUAGE_STANDARD = gnu17;
				GCC_DYNAMIC_NO_PIC = NO;
				GCC_NO_COMMON_BLOCKS = YES;
				GCC_OPTIMIZATION_LEVEL = 0;
				GCC_PREPROCESSOR_DEFINITIONS = (
					"DEBUG=1",
					"$(inherited)",
				);
				GCC_WARN_64_TO_32_BIT_CONVERSION = YES;
				GCC_WARN_ABOUT_RETURN_TYPE = YES_ERROR;
				GCC_WARN_UNDECLARED_SELECTOR = YES;
				GCC_WARN_UNINITIALIZED_AUTOS = YES_AGGRESSIVE;
				GCC_WARN_UNUSED_FUNCTION = YES;
				GCC_WARN_UNUSED_VARIABLE = YES;
				LOCALIZATION_PREFERS_STRING_CATALOGS = YES;
				MTL_ENABLE_DEBUG_INFO = INCLUDE_SOURCE;
				MTL_FAST_MATH = YES;
				ONLY_ACTIVE_ARCH = YES;
				SWIFT_ACTIVE_COMPILATION_CONDITIONS = "DEBUG $(inherited)";
				SWIFT_OPTIMIZATION_LEVEL = "-Onone";
			};
			name = Debug;
		};
		32B893EE2D85E75200113AF5 /* Release */ = {
			isa = XCBuildConfiguration;
			buildSettings = {
				ALWAYS_SEARCH_USER_PATHS = NO;
				ASSETCATALOG_COMPILER_GENERATE_SWIFT_ASSET_SYMBOL_EXTENSIONS = YES;
				CLANG_ANALYZER_NONNULL = YES;
				CLANG_ANALYZER_NUMBER_OBJECT_CONVERSION = YES_AGGRESSIVE;
				CLANG_CXX_LANGUAGE_STANDARD = "gnu++20";
				CLANG_ENABLE_MODULES = YES;
				CLANG_ENABLE_OBJC_ARC = YES;
				CLANG_ENABLE_OBJC_WEAK = YES;
				CLANG_WARN_BLOCK_CAPTURE_AUTORELEASING = YES;
				CLANG_WARN_BOOL_CONVERSION = YES;
				CLANG_WARN_COMMA = YES;
				CLANG_WARN_CONSTANT_CONVERSION = YES;
				CLANG_WARN_DEPRECATED_OBJC_IMPLEMENTATIONS = YES;
				CLANG_WARN_DIRECT_OBJC_ISA_USAGE = YES_ERROR;
				CLANG_WARN_DOCUMENTATION_COMMENTS = YES;
				CLANG_WARN_EMPTY_BODY = YES;
				CLANG_WARN_ENUM_CONVERSION = YES;
				CLANG_WARN_INFINITE_RECURSION = YES;
				CLANG_WARN_INT_CONVERSION = YES;
				CLANG_WARN_NON_LITERAL_NULL_CONVERSION = YES;
				CLANG_WARN_OBJC_IMPLICIT_RETAIN_SELF = YES;
				CLANG_WARN_OBJC_LITERAL_CONVERSION = YES;
				CLANG_WARN_OBJC_ROOT_CLASS = YES_ERROR;
				CLANG_WARN_QUOTED_INCLUDE_IN_FRAMEWORK_HEADER = YES;
				CLANG_WARN_RANGE_LOOP_ANALYSIS = YES;
				CLANG_WARN_STRICT_PROTOTYPES = YES;
				CLANG_WARN_SUSPICIOUS_MOVE = YES;
				CLANG_WARN_UNGUARDED_AVAILABILITY = YES_AGGRESSIVE;
				CLANG_WARN_UNREACHABLE_CODE = YES;
				CLANG_WARN__DUPLICATE_METHOD_MATCH = YES;
				COPY_PHASE_STRIP = NO;
				DEBUG_INFORMATION_FORMAT = "dwarf-with-dsym";
				ENABLE_NS_ASSERTIONS = NO;
				ENABLE_STRICT_OBJC_MSGSEND = YES;
				ENABLE_USER_SCRIPT_SANDBOXING = YES;
				GCC_C_LANGUAGE_STANDARD = gnu17;
				GCC_NO_COMMON_BLOCKS = YES;
				GCC_WARN_64_TO_32_BIT_CONVERSION = YES;
				GCC_WARN_ABOUT_RETURN_TYPE = YES_ERROR;
				GCC_WARN_UNDECLARED_SELECTOR = YES;
				GCC_WARN_UNINITIALIZED_AUTOS = YES_AGGRESSIVE;
				GCC_WARN_UNUSED_FUNCTION = YES;
				GCC_WARN_UNUSED_VARIABLE = YES;
				LOCALIZATION_PREFERS_STRING_CATALOGS = YES;
				MTL_ENABLE_DEBUG_INFO = NO;
				MTL_FAST_MATH = YES;
				SWIFT_COMPILATION_MODE = wholemodule;
			};
			name = Release;
		};
		32B893F02D85E75200113AF5 /* Debug */ = {
			isa = XCBuildConfiguration;
			buildSettings = {
				ASSETCATALOG_COMPILER_APPICON_NAME = AppIcon;
				ASSETCATALOG_COMPILER_GLOBAL_ACCENT_COLOR_NAME = AccentColor;
				CODE_SIGN_ENTITLEMENTS = JDelivery/JDelivery.entitlements;
				CODE_SIGN_STYLE = Automatic;
				CURRENT_PROJECT_VERSION = 1;
				DEVELOPMENT_ASSET_PATHS = "\"JDelivery/Preview Content\"";
				DEVELOPMENT_TEAM = JYU4CZQH8U;
				ENABLE_HARDENED_RUNTIME = YES;
				ENABLE_PREVIEWS = YES;
				GENERATE_INFOPLIST_FILE = YES;
				INFOPLIST_FILE = JDelivery/Info.plist;
				"INFOPLIST_KEY_UIApplicationSceneManifest_Generation[sdk=iphoneos*]" = YES;
				"INFOPLIST_KEY_UIApplicationSceneManifest_Generation[sdk=iphonesimulator*]" = YES;
				"INFOPLIST_KEY_UIApplicationSupportsIndirectInputEvents[sdk=iphoneos*]" = YES;
				"INFOPLIST_KEY_UIApplicationSupportsIndirectInputEvents[sdk=iphonesimulator*]" = YES;
				"INFOPLIST_KEY_UILaunchScreen_Generation[sdk=iphoneos*]" = YES;
				"INFOPLIST_KEY_UILaunchScreen_Generation[sdk=iphonesimulator*]" = YES;
				"INFOPLIST_KEY_UIStatusBarStyle[sdk=iphoneos*]" = UIStatusBarStyleDefault;
				"INFOPLIST_KEY_UIStatusBarStyle[sdk=iphonesimulator*]" = UIStatusBarStyleDefault;
				INFOPLIST_KEY_UISupportedInterfaceOrientations_iPad = "UIInterfaceOrientationPortrait UIInterfaceOrientationPortraitUpsideDown UIInterfaceOrientationLandscapeLeft UIInterfaceOrientationLandscapeRight";
				INFOPLIST_KEY_UISupportedInterfaceOrientations_iPhone = "UIInterfaceOrientationPortrait UIInterfaceOrientationLandscapeLeft UIInterfaceOrientationLandscapeRight";
				IPHONEOS_DEPLOYMENT_TARGET = 18.2;
				LD_RUNPATH_SEARCH_PATHS = "@executable_path/Frameworks";
				"LD_RUNPATH_SEARCH_PATHS[sdk=macosx*]" = "@executable_path/../Frameworks";
				MACOSX_DEPLOYMENT_TARGET = 15.2;
				MARKETING_VERSION = 1.0;
				PRODUCT_BUNDLE_IDENTIFIER = com.jeanlaura.JDelivery;
				PRODUCT_NAME = "$(TARGET_NAME)";
				SDKROOT = auto;
				SUPPORTED_PLATFORMS = "iphoneos iphonesimulator macosx xros xrsimulator";
				SWIFT_EMIT_LOC_STRINGS = YES;
				SWIFT_VERSION = 5.0;
				TARGETED_DEVICE_FAMILY = "1,2,7";
				XROS_DEPLOYMENT_TARGET = 2.2;
			};
			name = Debug;
		};
		32B893F12D85E75200113AF5 /* Release */ = {
			isa = XCBuildConfiguration;
			buildSettings = {
				ASSETCATALOG_COMPILER_APPICON_NAME = AppIcon;
				ASSETCATALOG_COMPILER_GLOBAL_ACCENT_COLOR_NAME = AccentColor;
				CODE_SIGN_ENTITLEMENTS = JDelivery/JDelivery.entitlements;
				CODE_SIGN_STYLE = Automatic;
				CURRENT_PROJECT_VERSION = 1;
				DEVELOPMENT_ASSET_PATHS = "\"JDelivery/Preview Content\"";
				DEVELOPMENT_TEAM = JYU4CZQH8U;
				ENABLE_HARDENED_RUNTIME = YES;
				ENABLE_PREVIEWS = YES;
				GENERATE_INFOPLIST_FILE = YES;
				INFOPLIST_FILE = JDelivery/Info.plist;
				"INFOPLIST_KEY_UIApplicationSceneManifest_Generation[sdk=iphoneos*]" = YES;
				"INFOPLIST_KEY_UIApplicationSceneManifest_Generation[sdk=iphonesimulator*]" = YES;
				"INFOPLIST_KEY_UIApplicationSupportsIndirectInputEvents[sdk=iphoneos*]" = YES;
				"INFOPLIST_KEY_UIApplicationSupportsIndirectInputEvents[sdk=iphonesimulator*]" = YES;
				"INFOPLIST_KEY_UILaunchScreen_Generation[sdk=iphoneos*]" = YES;
				"INFOPLIST_KEY_UILaunchScreen_Generation[sdk=iphonesimulator*]" = YES;
				"INFOPLIST_KEY_UIStatusBarStyle[sdk=iphoneos*]" = UIStatusBarStyleDefault;
				"INFOPLIST_KEY_UIStatusBarStyle[sdk=iphonesimulator*]" = UIStatusBarStyleDefault;
				INFOPLIST_KEY_UISupportedInterfaceOrientations_iPad = "UIInterfaceOrientationPortrait UIInterfaceOrientationPortraitUpsideDown UIInterfaceOrientationLandscapeLeft UIInterfaceOrientationLandscapeRight";
				INFOPLIST_KEY_UISupportedInterfaceOrientations_iPhone = "UIInterfaceOrientationPortrait UIInterfaceOrientationLandscapeLeft UIInterfaceOrientationLandscapeRight";
				IPHONEOS_DEPLOYMENT_TARGET = 18.2;
				LD_RUNPATH_SEARCH_PATHS = "@executable_path/Frameworks";
				"LD_RUNPATH_SEARCH_PATHS[sdk=macosx*]" = "@executable_path/../Frameworks";
				MACOSX_DEPLOYMENT_TARGET = 15.2;
				MARKETING_VERSION = 1.0;
				PRODUCT_BUNDLE_IDENTIFIER = com.jeanlaura.JDelivery;
				PRODUCT_NAME = "$(TARGET_NAME)";
				SDKROOT = auto;
				SUPPORTED_PLATFORMS = "iphoneos iphonesimulator macosx xros xrsimulator";
				SWIFT_EMIT_LOC_STRINGS = YES;
				SWIFT_VERSION = 5.0;
				TARGETED_DEVICE_FAMILY = "1,2,7";
				XROS_DEPLOYMENT_TARGET = 2.2;
			};
			name = Release;
		};
		32B893F32D85E75200113AF5 /* Debug */ = {
			isa = XCBuildConfiguration;
			buildSettings = {
				BUNDLE_LOADER = "$(TEST_HOST)";
				CODE_SIGN_STYLE = Automatic;
				CURRENT_PROJECT_VERSION = 1;
				DEVELOPMENT_TEAM = JYU4CZQH8U;
				GENERATE_INFOPLIST_FILE = YES;
				IPHONEOS_DEPLOYMENT_TARGET = 18.2;
				MACOSX_DEPLOYMENT_TARGET = 15.2;
				MARKETING_VERSION = 1.0;
				PRODUCT_BUNDLE_IDENTIFIER = com.jeanlaura.JDeliveryTests;
				PRODUCT_NAME = "$(TARGET_NAME)";
				SDKROOT = auto;
				SUPPORTED_PLATFORMS = "iphoneos iphonesimulator macosx xros xrsimulator";
				SWIFT_EMIT_LOC_STRINGS = NO;
				SWIFT_VERSION = 5.0;
				TARGETED_DEVICE_FAMILY = "1,2,7";
				TEST_HOST = "$(BUILT_PRODUCTS_DIR)/JDelivery.app/$(BUNDLE_EXECUTABLE_FOLDER_PATH)/JDelivery";
				XROS_DEPLOYMENT_TARGET = 2.2;
			};
			name = Debug;
		};
		32B893F42D85E75200113AF5 /* Release */ = {
			isa = XCBuildConfiguration;
			buildSettings = {
				BUNDLE_LOADER = "$(TEST_HOST)";
				CODE_SIGN_STYLE = Automatic;
				CURRENT_PROJECT_VERSION = 1;
				DEVELOPMENT_TEAM = JYU4CZQH8U;
				GENERATE_INFOPLIST_FILE = YES;
				IPHONEOS_DEPLOYMENT_TARGET = 18.2;
				MACOSX_DEPLOYMENT_TARGET = 15.2;
				MARKETING_VERSION = 1.0;
				PRODUCT_BUNDLE_IDENTIFIER = com.jeanlaura.JDeliveryTests;
				PRODUCT_NAME = "$(TARGET_NAME)";
				SDKROOT = auto;
				SUPPORTED_PLATFORMS = "iphoneos iphonesimulator macosx xros xrsimulator";
				SWIFT_EMIT_LOC_STRINGS = NO;
				SWIFT_VERSION = 5.0;
				TARGETED_DEVICE_FAMILY = "1,2,7";
				TEST_HOST = "$(BUILT_PRODUCTS_DIR)/JDelivery.app/$(BUNDLE_EXECUTABLE_FOLDER_PATH)/JDelivery";
				XROS_DEPLOYMENT_TARGET = 2.2;
			};
			name = Release;
		};
		32B893F62D85E75200113AF5 /* Debug */ = {
			isa = XCBuildConfiguration;
			buildSettings = {
				CODE_SIGN_STYLE = Automatic;
				CURRENT_PROJECT_VERSION = 1;
				DEVELOPMENT_TEAM = JYU4CZQH8U;
				GENERATE_INFOPLIST_FILE = YES;
				IPHONEOS_DEPLOYMENT_TARGET = 18.2;
				MACOSX_DEPLOYMENT_TARGET = 15.2;
				MARKETING_VERSION = 1.0;
				PRODUCT_BUNDLE_IDENTIFIER = com.jeanlaura.JDeliveryUITests;
				PRODUCT_NAME = "$(TARGET_NAME)";
				SDKROOT = auto;
				SUPPORTED_PLATFORMS = "iphoneos iphonesimulator macosx xros xrsimulator";
				SWIFT_EMIT_LOC_STRINGS = NO;
				SWIFT_VERSION = 5.0;
				TARGETED_DEVICE_FAMILY = "1,2,7";
				TEST_TARGET_NAME = JDelivery;
				XROS_DEPLOYMENT_TARGET = 2.2;
			};
			name = Debug;
		};
		32B893F72D85E75200113AF5 /* Release */ = {
			isa = XCBuildConfiguration;
			buildSettings = {
				CODE_SIGN_STYLE = Automatic;
				CURRENT_PROJECT_VERSION = 1;
				DEVELOPMENT_TEAM = JYU4CZQH8U;
				GENERATE_INFOPLIST_FILE = YES;
				IPHONEOS_DEPLOYMENT_TARGET = 18.2;
				MACOSX_DEPLOYMENT_TARGET = 15.2;
				MARKETING_VERSION = 1.0;
				PRODUCT_BUNDLE_IDENTIFIER = com.jeanlaura.JDeliveryUITests;
				PRODUCT_NAME = "$(TARGET_NAME)";
				SDKROOT = auto;
				SUPPORTED_PLATFORMS = "iphoneos iphonesimulator macosx xros xrsimulator";
				SWIFT_EMIT_LOC_STRINGS = NO;
				SWIFT_VERSION = 5.0;
				TARGETED_DEVICE_FAMILY = "1,2,7";
				TEST_TARGET_NAME = JDelivery;
				XROS_DEPLOYMENT_TARGET = 2.2;
			};
			name = Release;
		};
/* End XCBuildConfiguration section */

/* Begin XCConfigurationList section */
		32B893C52D85E75100113AF5 /* Build configuration list for PBXProject "JDelivery" */ = {
			isa = XCConfigurationList;
			buildConfigurations = (
				32B893ED2D85E75200113AF5 /* Debug */,
				32B893EE2D85E75200113AF5 /* Release */,
			);
			defaultConfigurationIsVisible = 0;
			defaultConfigurationName = Release;
		};
		32B893EF2D85E75200113AF5 /* Build configuration list for PBXNativeTarget "JDelivery" */ = {
			isa = XCConfigurationList;
			buildConfigurations = (
				32B893F02D85E75200113AF5 /* Debug */,
				32B893F12D85E75200113AF5 /* Release */,
			);
			defaultConfigurationIsVisible = 0;
			defaultConfigurationName = Release;
		};
		32B893F22D85E75200113AF5 /* Build configuration list for PBXNativeTarget "JDeliveryTests" */ = {
			isa = XCConfigurationList;
			buildConfigurations = (
				32B893F32D85E75200113AF5 /* Debug */,
				32B893F42D85E75200113AF5 /* Release */,
			);
			defaultConfigurationIsVisible = 0;
			defaultConfigurationName = Release;
		};
		32B893F52D85E75200113AF5 /* Build configuration list for PBXNativeTarget "JDeliveryUITests" */ = {
			isa = XCConfigurationList;
			buildConfigurations = (
				32B893F62D85E75200113AF5 /* Debug */,
				32B893F72D85E75200113AF5 /* Release */,
			);
			defaultConfigurationIsVisible = 0;
			defaultConfigurationName = Release;
		};
/* End XCConfigurationList section */

/* Begin XCRemoteSwiftPackageReference section */
		322CAA712D891B6400989BF8 /* XCRemoteSwiftPackageReference "firebase-ios-sdk" */ = {
			isa = XCRemoteSwiftPackageReference;
			repositoryURL = "https://github.com/firebase/firebase-ios-sdk";
			requirement = {
				kind = upToNextMajorVersion;
				minimumVersion = 11.10.0;
			};
		};
/* End XCRemoteSwiftPackageReference section */

/* Begin XCSwiftPackageProductDependency section */
		322CAA722D891B6400989BF8 /* FirebaseAnalytics */ = {
			isa = XCSwiftPackageProductDependency;
			package = 322CAA712D891B6400989BF8 /* XCRemoteSwiftPackageReference "firebase-ios-sdk" */;
			productName = FirebaseAnalytics;
		};
		322CAA742D891B6400989BF8 /* FirebaseAuth */ = {
			isa = XCSwiftPackageProductDependency;
			package = 322CAA712D891B6400989BF8 /* XCRemoteSwiftPackageReference "firebase-ios-sdk" */;
			productName = FirebaseAuth;
		};
		322CAA762D891B6400989BF8 /* FirebaseFirestore */ = {
			isa = XCSwiftPackageProductDependency;
			package = 322CAA712D891B6400989BF8 /* XCRemoteSwiftPackageReference "firebase-ios-sdk" */;
			productName = FirebaseFirestore;
		};
/* End XCSwiftPackageProductDependency section */
	};
	rootObject = 32B893C22D85E75100113AF5 /* Project object */;
}
